
Microsoft Visual Studio Solution File, Format Version 12.00
# Visual Studio Version 17
VisualStudioVersion = 17.9.34728.123
MinimumVisualStudioVersion = 10.0.40219.1
Project("{9A19103F-16F7-4668-BE54-9A1E7A4F7556}") = "Desicion", "Desicion\Desicion.csproj", "{56979316-3E40-4156-A051-63B0C33DFED8}"
EndProject
Project("{9A19103F-16F7-4668-BE54-9A1E7A4F7556}") = "Iteracion", "Iteracion\Iteracion.csproj", "{E8A0F08C-056A-4406-A9E9-35633C9A17D4}"
EndProject
Project("{9A19103F-16F7-4668-BE54-9A1E7A4F7556}") = "Lab01.ParaPensar", "..\Lab01.ParaPensar\Lab01.ParaPensar.csproj", "{8D58894F-BE7B-4359-8DBF-0D1DF5215955}"
EndProject
Global
	GlobalSection(SolutionConfigurationPlatforms) = preSolution
		Debug|Any CPU = Debug|Any CPU
		Release|Any CPU = Release|Any CPU
	EndGlobalSection
	GlobalSection(ProjectConfigurationPlatforms) = postSolution
		{56979316-3E40-4156-A051-63B0C33DFED8}.Debug|Any CPU.ActiveCfg = Debug|Any CPU
		{56979316-3E40-4156-A051-63B0C33DFED8}.Debug|Any CPU.Build.0 = Debug|Any CPU
		{56979316-3E40-4156-A051-63B0C33DFED8}.Release|Any CPU.ActiveCfg = Release|Any CPU
		{56979316-3E40-4156-A051-63B0C33DFED8}.Release|Any CPU.Build.0 = Release|Any CPU
		{E8A0F08C-056A-4406-A9E9-35633C9A17D4}.Debug|Any CPU.ActiveCfg = Debug|Any CPU
		{E8A0F08C-056A-4406-A9E9-35633C9A17D4}.Debug|Any CPU.Build.0 = Debug|Any CPU
		{E8A0F08C-056A-4406-A9E9-35633C9A17D4}.Release|Any CPU.ActiveCfg = Release|Any CPU
		{E8A0F08C-056A-4406-A9E9-35633C9A17D4}.Release|Any CPU.Build.0 = Release|Any CPU
		{8D58894F-BE7B-4359-8DBF-0D1DF5215955}.Debug|Any CPU.ActiveCfg = Debug|Any CPU
		{8D58894F-BE7B-4359-8DBF-0D1DF5215955}.Debug|Any CPU.Build.0 = Debug|Any CPU
		{8D58894F-BE7B-4359-8DBF-0D1DF5215955}.Release|Any CPU.ActiveCfg = Release|Any CPU
		{8D58894F-BE7B-4359-8DBF-0D1DF5215955}.Release|Any CPU.Build.0 = Release|Any CPU
	EndGlobalSection
	GlobalSection(SolutionProperties) = preSolution
		HideSolutionNode = FALSE
	EndGlobalSection
	GlobalSection(ExtensibilityGlobals) = postSolution
		SolutionGuid = {98042AAF-0F6A-43E8-9AB9-4D8EDF5F7984}
	EndGlobalSection
EndGlobal
